
Microsoft Visual Studio Solution File, Format Version 12.00
# Visual Studio 15
VisualStudioVersion = 15.0.27428.2005
MinimumVisualStudioVersion = 10.0.40219.1
Project("{FAE04EC0-301F-11D3-BF4B-00C04F79EFBC}") = "PhotoAlbum.Tests", "PhotoAlbum.Tests\PhotoAlbum.Tests.csproj", "{7EC8B57D-FA17-4414-A3E8-0FF6B1317F9D}"
EndProject
Project("{FAE04EC0-301F-11D3-BF4B-00C04F79EFBC}") = "PhotoAlbum.DAL", "PhotoAlbum.DAL\PhotoAlbum.DAL.csproj", "{006C8FAA-938F-4B53-A190-33C40151076F}"
EndProject
Project("{FAE04EC0-301F-11D3-BF4B-00C04F79EFBC}") = "PhotoAlbum.BLL", "PhotoAlbum.BLL\PhotoAlbum.BLL.csproj", "{0933D9F2-F7D8-475E-A7B8-2F8025A7AEA4}"
EndProject
Project("{FAE04EC0-301F-11D3-BF4B-00C04F79EFBC}") = "TempConsole", "TempConsole\TempConsole.csproj", "{1510E547-2DFB-46F8-80F5-CFE310D66C65}"
EndProject
Project("{FAE04EC0-301F-11D3-BF4B-00C04F79EFBC}") = "PhotoAlbum.WebApi", "PhotoAlbum.WebApi\PhotoAlbum.WebApi.csproj", "{4F37A770-0CEA-4BD1-ABD8-D2F38E4AD582}"
EndProject
Project("{FAE04EC0-301F-11D3-BF4B-00C04F79EFBC}") = "PhotoAlbum.WebApi.Tests", "PhotoAlbum.WebApi.Tests\PhotoAlbum.WebApi.Tests.csproj", "{61DB2592-61A3-4EC5-8BB6-FD9F4AE03F5A}"
EndProject
Global
	GlobalSection(SolutionConfigurationPlatforms) = preSolution
		Debug|Any CPU = Debug|Any CPU
		Release|Any CPU = Release|Any CPU
	EndGlobalSection
	GlobalSection(ProjectConfigurationPlatforms) = postSolution
		{7EC8B57D-FA17-4414-A3E8-0FF6B1317F9D}.Debug|Any CPU.ActiveCfg = Debug|Any CPU
		{7EC8B57D-FA17-4414-A3E8-0FF6B1317F9D}.Debug|Any CPU.Build.0 = Debug|Any CPU
		{7EC8B57D-FA17-4414-A3E8-0FF6B1317F9D}.Release|Any CPU.ActiveCfg = Release|Any CPU
		{7EC8B57D-FA17-4414-A3E8-0FF6B1317F9D}.Release|Any CPU.Build.0 = Release|Any CPU
		{006C8FAA-938F-4B53-A190-33C40151076F}.Debug|Any CPU.ActiveCfg = Debug|Any CPU
		{006C8FAA-938F-4B53-A190-33C40151076F}.Debug|Any CPU.Build.0 = Debug|Any CPU
		{006C8FAA-938F-4B53-A190-33C40151076F}.Release|Any CPU.ActiveCfg = Release|Any CPU
		{006C8FAA-938F-4B53-A190-33C40151076F}.Release|Any CPU.Build.0 = Release|Any CPU
		{0933D9F2-F7D8-475E-A7B8-2F8025A7AEA4}.Debug|Any CPU.ActiveCfg = Debug|Any CPU
		{0933D9F2-F7D8-475E-A7B8-2F8025A7AEA4}.Debug|Any CPU.Build.0 = Debug|Any CPU
		{0933D9F2-F7D8-475E-A7B8-2F8025A7AEA4}.Release|Any CPU.ActiveCfg = Release|Any CPU
		{0933D9F2-F7D8-475E-A7B8-2F8025A7AEA4}.Release|Any CPU.Build.0 = Release|Any CPU
		{1510E547-2DFB-46F8-80F5-CFE310D66C65}.Debug|Any CPU.ActiveCfg = Debug|Any CPU
		{1510E547-2DFB-46F8-80F5-CFE310D66C65}.Debug|Any CPU.Build.0 = Debug|Any CPU
		{1510E547-2DFB-46F8-80F5-CFE310D66C65}.Release|Any CPU.ActiveCfg = Release|Any CPU
		{1510E547-2DFB-46F8-80F5-CFE310D66C65}.Release|Any CPU.Build.0 = Release|Any CPU
		{4F37A770-0CEA-4BD1-ABD8-D2F38E4AD582}.Debug|Any CPU.ActiveCfg = Debug|Any CPU
		{4F37A770-0CEA-4BD1-ABD8-D2F38E4AD582}.Debug|Any CPU.Build.0 = Debug|Any CPU
		{4F37A770-0CEA-4BD1-ABD8-D2F38E4AD582}.Release|Any CPU.ActiveCfg = Release|Any CPU
		{4F37A770-0CEA-4BD1-ABD8-D2F38E4AD582}.Release|Any CPU.Build.0 = Release|Any CPU
		{61DB2592-61A3-4EC5-8BB6-FD9F4AE03F5A}.Debug|Any CPU.ActiveCfg = Debug|Any CPU
		{61DB2592-61A3-4EC5-8BB6-FD9F4AE03F5A}.Debug|Any CPU.Build.0 = Debug|Any CPU
		{61DB2592-61A3-4EC5-8BB6-FD9F4AE03F5A}.Release|Any CPU.ActiveCfg = Release|Any CPU
		{61DB2592-61A3-4EC5-8BB6-FD9F4AE03F5A}.Release|Any CPU.Build.0 = Release|Any CPU
	EndGlobalSection
	GlobalSection(SolutionProperties) = preSolution
		HideSolutionNode = FALSE
	EndGlobalSection
	GlobalSection(ExtensibilityGlobals) = postSolution
		SolutionGuid = {7D25AE1A-6EDC-4630-B79A-9A2D70B652FF}
	EndGlobalSection
EndGlobal
